{"SurveyEntry":{"SurveyID":"SV_2mCbJNRRc4KIOvH","SurveyName":"climate change and misinfo screener","SurveyDescription":null,"SurveyOwnerID":"UR_6h7YS1FOeSuoNXn","SurveyBrandID":"columbiangwu","DivisionID":null,"SurveyLanguage":"EN","SurveyActiveResponseSet":"RS_6hDwmqUBTW7SYSN","SurveyStatus":"Inactive","SurveyStartDate":"0000-00-00 00:00:00","SurveyExpirationDate":"0000-00-00 00:00:00","SurveyCreationDate":"2020-07-31 09:11:51","CreatorID":"UR_6h7YS1FOeSuoNXn","LastModified":"2022-04-19 09:08:13","LastAccessed":"0000-00-00 00:00:00","LastActivated":"2020-08-17 09:11:34","Deleted":null},"SurveyElements":[{"SurveyID":"SV_2mCbJNRRc4KIOvH","Element":"BL","PrimaryAttribute":"Survey Blocks","SecondaryAttribute":null,"TertiaryAttribute":null,"Payload":[{"Type":"Default","Description":"age","ID":"BL_3EsmC6FFF2SuWS9","BlockElements":[{"Type":"Question","QuestionID":"QID2"}]},{"Type":"Trash","Description":"Trash \/ Unused Questions","ID":"BL_8IdDX7XLVCG1Bs1","BlockElements":[{"Type":"Question","QuestionID":"QID1"},{"Type":"Question","QuestionID":"QID3"}]},{"Type":"Standard","SubType":"","Description":"party id","ID":"BL_3jTfs7OneY4ESj3","BlockElements":[{"Type":"Question","QuestionID":"QID13"},{"Type":"Question","QuestionID":"QID4"},{"Type":"Question","QuestionID":"QID5"},{"Type":"Question","QuestionID":"QID6"},{"Type":"Question","QuestionID":"QID7"}]},{"Type":"Standard","SubType":"","Description":"consent","ID":"BL_2tu4oSSAZjPLn8h","BlockElements":[{"Type":"Question","QuestionID":"QID8"}]},{"Type":"Standard","SubType":"","Description":"gender","ID":"BL_2biNiHkuL6AknFb","BlockElements":[{"Type":"Question","QuestionID":"QID9"}]},{"Type":"Standard","SubType":"","Description":"final","ID":"BL_d6UIkgXpgCU6CSV","BlockElements":[{"Type":"Question","QuestionID":"QID14"},{"Type":"Question","QuestionID":"QID10"},{"Type":"Page Break"},{"Type":"Question","QuestionID":"QID11"},{"Type":"Page Break"},{"Type":"Question","QuestionID":"QID12"},{"Type":"Page Break"}]}]},{"SurveyID":"SV_2mCbJNRRc4KIOvH","Element":"FL","PrimaryAttribute":"Survey Flow","SecondaryAttribute":null,"TertiaryAttribute":null,"Payload":{"Type":"Root","FlowID":"FL_1","Flow":[{"Type":"EmbeddedData","FlowID":"FL_14","EmbeddedData":[{"Description":"MID","Type":"Recipient","Field":"MID","VariableType":"String","DataVisibility":[],"AnalyzeText":false}]},{"Type":"Standard","ID":"BL_2tu4oSSAZjPLn8h","FlowID":"FL_4","Autofill":[]},{"Type":"Branch","FlowID":"FL_7","Description":"New Branch","BranchLogic":{"0":{"0":{"LogicType":"Question","QuestionID":"QID8","QuestionIsInLoop":"no","ChoiceLocator":"q:\/\/QID8\/SelectableChoice\/2","Operator":"Selected","QuestionIDFromLocator":"QID8","LeftOperand":"q:\/\/QID8\/SelectableChoice\/2","Type":"Expression","Description":"<span class=\"ConjDesc\">If<\/span> <span class=\"QuestionDesc\">This study is being conducted by Professor Ethan Porter of George Washington University, Professo...<\/span> <span class=\"LeftOpDesc\">No<\/span> <span class=\"OpDesc\">Is Selected<\/span> "},"Type":"If"},"Type":"BooleanExpression"},"Flow":[{"Type":"EndSurvey","FlowID":"FL_12"}]},{"Type":"Block","ID":"BL_3EsmC6FFF2SuWS9","FlowID":"FL_2","Autofill":[]},{"Type":"Branch","FlowID":"FL_9","Description":"New Branch","BranchLogic":{"0":{"0":{"LogicType":"Question","QuestionID":"QID2","QuestionIsInLoop":"no","ChoiceLocator":"q:\/\/QID2\/SelectableChoice\/1","Operator":"Selected","QuestionIDFromLocator":"QID2","LeftOperand":"q:\/\/QID2\/SelectableChoice\/1","Type":"Expression","Description":"<span class=\"ConjDesc\">If<\/span> <span class=\"QuestionDesc\">How old are you?<\/span> <span class=\"LeftOpDesc\">Under 18<\/span> <span class=\"OpDesc\">Is Selected<\/span> "},"Type":"If"},"Type":"BooleanExpression"},"Flow":[{"Type":"EndSurvey","FlowID":"FL_13","EndingType":"Advanced","Options":{"Advanced":"true","SurveyTermination":"DisplayMessage","EOSMessageLibrary":"UR_6h7YS1FOeSuoNXn","EOSMessage":"MS_afTN9i67j5LZGzH"}}]},{"Type":"Standard","ID":"BL_2biNiHkuL6AknFb","FlowID":"FL_5","Autofill":[]},{"Type":"Standard","ID":"BL_3jTfs7OneY4ESj3","FlowID":"FL_3","Autofill":[]},{"Type":"Standard","ID":"BL_d6UIkgXpgCU6CSV","FlowID":"FL_6","Autofill":[]},{"Type":"EndSurvey","FlowID":"FL_11","EndingType":"Advanced","Options":{"Advanced":"true","SurveyTermination":"DisplayMessage","EOSMessageLibrary":"UR_6h7YS1FOeSuoNXn","EOSMessage":"MS_1S5JlgE1AvSHcpf"}}],"Properties":{"Count":14,"RemovedFieldsets":[]}}},{"SurveyID":"SV_2mCbJNRRc4KIOvH","Element":"SO","PrimaryAttribute":"Survey Options","SecondaryAttribute":null,"TertiaryAttribute":null,"Payload":{"BackButton":"false","SaveAndContinue":"true","SurveyProtection":"PublicSurvey","BallotBoxStuffingPrevention":"true","NoIndex":"Yes","SecureResponseFiles":"true","SurveyExpiration":null,"SurveyTermination":"DefaultMessage","Header":"","Footer":"","ProgressBarDisplay":"None","PartialData":"+1 week","ValidationMessage":null,"PreviousButton":" \u2190 ","NextButton":" \u2192 ","SurveyTitle":"Online Survey Software | Qualtrics Survey Solutions","SkinLibrary":"columbiangwu","SkinType":"templated","Skin":{"brandingId":null,"templateId":"*2014","overrides":null},"NewScoring":1,"EOSMessage":"","ShowExportTags":"false","CollectGeoLocation":"false","SurveyMetaDescription":"The most powerful, simple and trusted way to gather experience data. Start your journey to experience management and try a free account today.","PasswordProtection":"No","AnonymizeResponse":"No","Password":"","RefererCheck":"No","RefererURL":"http:\/\/","UseCustomSurveyLinkCompletedMessage":null,"SurveyLinkCompletedMessage":"","SurveyLinkCompletedMessageLibrary":"","ResponseSummary":"No","EOSMessageLibrary":"","EOSRedirectURL":"https:\/\/","EmailThankYou":"false","ThankYouEmailMessageLibrary":null,"ThankYouEmailMessage":null,"ValidateMessage":"false","ValidationMessageLibrary":null,"InactiveSurvey":"DefaultMessage","PartialDataCloseAfter":"LastActivity","ActiveResponseSet":null,"InactiveMessageLibrary":"","InactiveMessage":"","AvailableLanguages":{"EN":[]},"ProtectSelectionIds":true}},{"SurveyID":"SV_2mCbJNRRc4KIOvH","Element":"SCO","PrimaryAttribute":"Scoring","SecondaryAttribute":null,"TertiaryAttribute":null,"Payload":{"ScoringCategories":[],"ScoringCategoryGroups":[],"ScoringSummaryCategory":null,"ScoringSummaryAfterQuestions":0,"ScoringSummaryAfterSurvey":0,"DefaultScoringCategory":null,"AutoScoringCategory":null}},{"SurveyID":"SV_2mCbJNRRc4KIOvH","Element":"PROJ","PrimaryAttribute":"CORE","SecondaryAttribute":null,"TertiaryAttribute":"1.1.0","Payload":{"ProjectCategory":"CORE","SchemaVersion":"1.1.0"}},{"SurveyID":"SV_2mCbJNRRc4KIOvH","Element":"STAT","PrimaryAttribute":"Survey Statistics","SecondaryAttribute":null,"TertiaryAttribute":null,"Payload":{"MobileCompatible":true,"ID":"Survey Statistics"}},{"SurveyID":"SV_2mCbJNRRc4KIOvH","Element":"QC","PrimaryAttribute":"Survey Question Count","SecondaryAttribute":"14","TertiaryAttribute":null,"Payload":null},{"SurveyID":"SV_2mCbJNRRc4KIOvH","Element":"SQ","PrimaryAttribute":"QID1","SecondaryAttribute":"Click to write the question text","TertiaryAttribute":null,"Payload":{"QuestionText":"Click to write the question text","DataExportTag":"Q1","QuestionType":"MC","Selector":"SAVR","SubSelector":"TX","Configuration":{"QuestionDescriptionOption":"UseText"},"QuestionDescription":"Click to write the question text","Choices":{"1":{"Display":"Click to write Choice 1"},"2":{"Display":"Click to write Choice 2"},"3":{"Display":"Click to write Choice 3"}},"ChoiceOrder":["1","2","3"],"Validation":{"Settings":{"ForceResponse":"OFF","ForceResponseType":"ON","Type":"None"}},"Language":[],"NextChoiceId":4,"NextAnswerId":1,"QuestionID":"QID1"}},{"SurveyID":"SV_2mCbJNRRc4KIOvH","Element":"SQ","PrimaryAttribute":"QID3","SecondaryAttribute":"Click to write the question text","TertiaryAttribute":null,"Payload":{"QuestionText":"Click to write the question text","DataExportTag":"Q4","QuestionType":"MC","Selector":"SAVR","SubSelector":"TX","Configuration":{"QuestionDescriptionOption":"UseText"},"QuestionDescription":"Click to write the question text","Choices":{"1":{"Display":"Click to write Choice 1"},"2":{"Display":"Click to write Choice 2"},"3":{"Display":"Click to write Choice 3"}},"ChoiceOrder":["1","2","3"],"Validation":{"Settings":{"ForceResponse":"OFF","ForceResponseType":"ON","Type":"None"}},"Language":[],"NextChoiceId":4,"NextAnswerId":1,"QuestionID":"QID3"}},{"SurveyID":"SV_2mCbJNRRc4KIOvH","Element":"RS","PrimaryAttribute":"RS_6hDwmqUBTW7SYSN","SecondaryAttribute":"Default Response Set","TertiaryAttribute":null,"Payload":null},{"SurveyID":"SV_2mCbJNRRc4KIOvH","Element":"SQ","PrimaryAttribute":"QID7","SecondaryAttribute":"Do you think of yourself as closer to the Republican Party or to the Democratic Party?","TertiaryAttribute":null,"Payload":{"QuestionText":"Do you think of yourself as closer to the Republican Party or to the Democratic Party?","DataExportTag":"Q12","QuestionType":"MC","Selector":"SAVR","SubSelector":"TX","DataVisibility":{"Private":false,"Hidden":false},"Configuration":{"QuestionDescriptionOption":"UseText"},"QuestionDescription":"Do you think of yourself as closer to the Republican Party or to the Democratic Party?","Choices":{"1":{"Display":"Closer to the Republican Party"},"2":{"Display":"Closer to the Democratic Party"},"3":{"Display":"Neither"}},"ChoiceOrder":["1","2","3"],"Validation":{"Settings":{"ForceResponse":"RequestResponse","ForceResponseType":"RequestResponse","Type":"None"}},"Language":[],"NextChoiceId":4,"NextAnswerId":1,"QuestionID":"QID7","DisplayLogic":{"0":{"0":{"ChoiceLocator":"q:\/\/QID4\/SelectableChoice\/3","Description":"<span class=\"ConjDesc\">If<\/span> <span class=\"QuestionDesc\">Generally speaking, do you usually think of yourself as a Republican, a Democrat, an Independent, or something else?<\/span> <span class=\"LeftOpDesc\">Independent<\/span> <span class=\"OpDesc\">Is Selected<\/span> ","LeftOperand":"q:\/\/QID4\/SelectableChoice\/3","LogicType":"Question","Operator":"Selected","QuestionID":"QID4","QuestionIDFromLocator":"QID4","QuestionIsInLoop":"no","Type":"Expression"},"1":{"ChoiceLocator":"q:\/\/QID4\/SelectableChoice\/4","Conjuction":"Or","Description":"<span class=\"ConjDesc\">Or<\/span> <span class=\"QuestionDesc\">Generally speaking, do you usually think of yourself as a Republican, a Democrat, an Independent, or something else?<\/span> <span class=\"LeftOpDesc\">Something else<\/span> <span class=\"OpDesc\">Is Selected<\/span> ","LeftOperand":"q:\/\/QID4\/SelectableChoice\/4","LogicType":"Question","Operator":"Selected","QuestionID":"QID4","QuestionIDFromLocator":"QID4","QuestionIsInLoop":"no","Type":"Expression"},"Type":"If"},"Type":"BooleanExpression","inPage":false}}},{"SurveyID":"SV_2mCbJNRRc4KIOvH","Element":"SQ","PrimaryAttribute":"QID4","SecondaryAttribute":"Generally speaking, do you usually think of yourself as a Republican, a Democrat, an Independent,...","TertiaryAttribute":null,"Payload":{"QuestionText":"Generally speaking, do you usually think of yourself as a Republican, a Democrat, an Independent, or something else?","DataExportTag":"Q6","QuestionType":"MC","Selector":"SAVR","SubSelector":"TX","DataVisibility":{"Private":false,"Hidden":false},"Configuration":{"QuestionDescriptionOption":"UseText"},"QuestionDescription":"Generally speaking, do you usually think of yourself as a Republican, a Democrat, an Independent,...","Choices":{"1":{"Display":"Republican"},"2":{"Display":"Democrat"},"3":{"Display":"Independent"},"4":{"Display":"Something else"}},"ChoiceOrder":[1,2,3,4],"Validation":{"Settings":{"ForceResponse":"RequestResponse","ForceResponseType":"RequestResponse","Type":"None"}},"Language":[],"NextChoiceId":5,"NextAnswerId":1,"QuestionID":"QID4"}},{"SurveyID":"SV_2mCbJNRRc4KIOvH","Element":"SQ","PrimaryAttribute":"QID2","SecondaryAttribute":"How old are you?","TertiaryAttribute":null,"Payload":{"QuestionText":"How old are you?","DataExportTag":"Q3","QuestionType":"MC","Selector":"SAVR","SubSelector":"TX","DataVisibility":{"Private":false,"Hidden":false},"Configuration":{"QuestionDescriptionOption":"UseText","Autoscale":{"YScale":{"Name":"age","Type":"likert","Reverse":false}}},"QuestionDescription":"How old are you?","Choices":{"1":{"Display":"Under 18"},"2":{"Display":"18 - 24"},"3":{"Display":"25 - 34"},"4":{"Display":"35 - 44"},"5":{"Display":"45 - 54"},"6":{"Display":"55 - 64"},"7":{"Display":"65 - 74"},"8":{"Display":"75 - 84"},"9":{"Display":"85 or older"}},"ChoiceOrder":["1","2","3","4","5","6","7","8","9"],"Validation":{"Settings":{"ForceResponse":"ON","ForceResponseType":"ON","Type":"None"}},"Language":[],"NextChoiceId":10,"NextAnswerId":1,"QuestionID":"QID2"}},{"SurveyID":"SV_2mCbJNRRc4KIOvH","Element":"SQ","PrimaryAttribute":"QID11","SecondaryAttribute":"Please enter your Worker ID:","TertiaryAttribute":null,"Payload":{"QuestionText":"<div>Please enter your Worker ID:<\/div><div><br><\/div>","DefaultChoices":false,"DataExportTag":"Q15","QuestionType":"TE","Selector":"SL","DataVisibility":{"Private":false,"Hidden":false},"Configuration":{"QuestionDescriptionOption":"UseText"},"QuestionDescription":"Please enter your Worker ID:","Validation":{"Settings":{"ForceResponse":"ON","ForceResponseType":"ON","Type":"None"}},"GradingData":[],"Language":[],"NextChoiceId":4,"NextAnswerId":1,"SearchSource":{"AllowFreeResponse":"false"},"QuestionID":"QID11"}},{"SurveyID":"SV_2mCbJNRRc4KIOvH","Element":"SQ","PrimaryAttribute":"QID12","SecondaryAttribute":"Thank you for answering these questions and for your participation. Please do not share any infor...","TertiaryAttribute":null,"Payload":{"QuestionText":"Thank you for answering these questions and for your participation. Please do not share any information about the nature of this study with other potential participants. This research is not intended to support or oppose any political candidate or office. The research has no affiliation with any political candidate or campaign and has received no financial support from any political candidate or campaign. We may contact you to invite you to follow-up studies. Your participation in any follow-up studies is entirely voluntary and will not affect your compensation for this study. Should you have any questions about this study, please contact Prof. Ethan Porter at evporter@gwu.edu.&nbsp;&nbsp;<div><br><\/div><div>Please click next to get the code you need to successfully complete your HIT. Thank you again for participating!<\/div>","DefaultChoices":false,"DataExportTag":"Q17","QuestionType":"DB","Selector":"TB","DataVisibility":{"Private":false,"Hidden":false},"Configuration":{"QuestionDescriptionOption":"UseText"},"QuestionDescription":"Thank you for answering these questions and for your participation. Please do not share any infor...","ChoiceOrder":[],"Validation":{"Settings":{"Type":"None"}},"GradingData":[],"Language":[],"NextChoiceId":4,"NextAnswerId":1,"QuestionID":"QID12"}},{"SurveyID":"SV_2mCbJNRRc4KIOvH","Element":"SQ","PrimaryAttribute":"QID8","SecondaryAttribute":"This study is being conducted by Professor Ethan Porter of George Washington University, Professo...","TertiaryAttribute":null,"Payload":{"QuestionText":"<p><span style=\"font-size: 16px;\">This study is being conducted by Professor Ethan Porter of George Washington University, Professor Thomas J. Wood of Ohio State University, and Professor Brendan Nyhan of Dartmouth College. Your participation is voluntary and you may decline to participate in the survey or withdraw at any time. No information that identifies you will be collected or retained by the researchers. However, any online interaction carries some risk of being accessed. The survey will take about 4 to 6 minutes to complete. After you complete the survey, we may invite you to participate in subsequent surveys. The purpose of the study is to better understand the determinants of attitudes about major public challenges. Possible benefits of participation include having the opportunity to express your opinion about issues of public concern. Possible risks or discomforts you could experience during this study include breach of confidentiality and boredom. If you experience any research-related injury, you should contact the Principal Investigator immediately. Further information regarding this study may be obtained by contacting the Principal Investigator at George Washington University at evporter@gwu.edu or (202) 994-0649.&nbsp;<\/span><\/p><p><span style=\"font-size: 16px;\"><br><\/span><\/p><p><span style=\"font-size: 16px;\">Whom can I speak with?&nbsp; The Office of Human Research of George Washington University, which can be reached at (202) 994-2715, can provide information about your rights as a research participant. You may also contact this office if you have questions, concerns, or complaints about the research, or wish to speak with someone independent of the research team. If you wish to provide a written signature to signal your consent, please contact Ethan Porter at the email address above.<\/span><\/p>","DataExportTag":"Q9","QuestionType":"MC","Selector":"SAVR","SubSelector":"TX","DataVisibility":{"Private":false,"Hidden":false},"Configuration":{"QuestionDescriptionOption":"UseText"},"QuestionDescription":"This study is being conducted by Professor Ethan Porter of George Washington University, Professo...","Choices":{"1":{"Display":"Yes"},"2":{"Display":"No"}},"ChoiceOrder":[1,2],"Validation":{"Settings":{"ForceResponse":"ON","ForceResponseType":"ON","Type":"None"}},"Language":[],"NextChoiceId":3,"NextAnswerId":1,"QuestionID":"QID8"}},{"SurveyID":"SV_2mCbJNRRc4KIOvH","Element":"SQ","PrimaryAttribute":"QID13","SecondaryAttribute":"Timing","TertiaryAttribute":null,"Payload":{"QuestionText":"Timing","DefaultChoices":false,"DataExportTag":"Q13","QuestionType":"Timing","Selector":"PageTimer","Configuration":{"QuestionDescriptionOption":"UseText","MinSeconds":"0","MaxSeconds":"0"},"QuestionDescription":"Timing","Choices":{"1":{"Display":"First Click"},"2":{"Display":"Last Click"},"3":{"Display":"Page Submit"},"4":{"Display":"Click Count"}},"GradingData":[],"Language":[],"NextChoiceId":16,"NextAnswerId":1,"QuestionID":"QID13"}},{"SurveyID":"SV_2mCbJNRRc4KIOvH","Element":"SQ","PrimaryAttribute":"QID14","SecondaryAttribute":"Timing","TertiaryAttribute":null,"Payload":{"QuestionText":"Timing","DefaultChoices":false,"DataExportTag":"Q14","QuestionType":"Timing","Selector":"PageTimer","Configuration":{"QuestionDescriptionOption":"UseText","MinSeconds":"0","MaxSeconds":"0"},"QuestionDescription":"Timing","Choices":{"1":{"Display":"First Click"},"2":{"Display":"Last Click"},"3":{"Display":"Page Submit"},"4":{"Display":"Click Count"}},"GradingData":[],"Language":[],"NextChoiceId":16,"NextAnswerId":1,"QuestionID":"QID14"}},{"SurveyID":"SV_2mCbJNRRc4KIOvH","Element":"SQ","PrimaryAttribute":"QID9","SecondaryAttribute":"What is your gender?","TertiaryAttribute":null,"Payload":{"QuestionText":"What is your gender?","DataExportTag":"Q11","QuestionType":"MC","Selector":"SAVR","SubSelector":"TX","DataVisibility":{"Private":false,"Hidden":false},"Configuration":{"QuestionDescriptionOption":"UseText","Autoscale":{"YScale":{"Name":"maleFemale","Type":"likert","Reverse":false}}},"QuestionDescription":"What is your gender?","Choices":{"1":{"Display":"Male"},"2":{"Display":"Female"},"3":{"Display":"Other"}},"ChoiceOrder":[1,2,3],"Validation":{"Settings":{"ForceResponse":"RequestResponse","ForceResponseType":"RequestResponse","Type":"None"}},"Language":[],"NextChoiceId":4,"NextAnswerId":1,"QuestionID":"QID9"}},{"SurveyID":"SV_2mCbJNRRc4KIOvH","Element":"SQ","PrimaryAttribute":"QID10","SecondaryAttribute":"What would you like to see elected leaders in Washington get done during the next few years? Plea...","TertiaryAttribute":null,"Payload":{"QuestionText":"What would you like to see elected leaders in Washington get done during the next few years? Please write three sentences about what you believe the top three priorities of America's leaders should be.&nbsp;","DefaultChoices":false,"DataExportTag":"Q13","QuestionType":"TE","Selector":"ESTB","DataVisibility":{"Private":false,"Hidden":false},"Configuration":{"QuestionDescriptionOption":"UseText"},"QuestionDescription":"What would you like to see elected leaders in Washington get done during the next few years? Plea...","Validation":{"Settings":{"ForceResponse":"OFF","ForceResponseType":"ON","Type":"None"}},"GradingData":[],"Language":[],"NextChoiceId":8,"NextAnswerId":1,"SearchSource":{"AllowFreeResponse":"false"},"QuestionID":"QID10"}},{"SurveyID":"SV_2mCbJNRRc4KIOvH","Element":"SQ","PrimaryAttribute":"QID5","SecondaryAttribute":"Would you call yourself a strong Democrat or not very strong Democrat?","TertiaryAttribute":null,"Payload":{"QuestionText":"Would you call yourself a strong Democrat or not very strong Democrat?","DataExportTag":"Q8","QuestionType":"MC","Selector":"SAVR","SubSelector":"TX","DataVisibility":{"Private":false,"Hidden":false},"Configuration":{"QuestionDescriptionOption":"UseText"},"QuestionDescription":"Would you call yourself a strong Democrat or not very strong Democrat?","Choices":{"1":{"Display":"Strong Democrat"},"2":{"Display":"Not very strong Democrat"}},"ChoiceOrder":[1,2],"Validation":{"Settings":{"ForceResponse":"RequestResponse","ForceResponseType":"RequestResponse","Type":"None"}},"Language":[],"NextChoiceId":3,"NextAnswerId":1,"QuestionID":"QID5","DisplayLogic":{"0":{"0":{"ChoiceLocator":"q:\/\/QID4\/SelectableChoice\/2","Description":"<span class=\"ConjDesc\">If<\/span> <span class=\"QuestionDesc\">Generally speaking, do you usually think of yourself as a Republican, a Democrat, an Independent, or something else?<\/span> <span class=\"LeftOpDesc\">Democrat<\/span> <span class=\"OpDesc\">Is Selected<\/span> ","LeftOperand":"q:\/\/QID4\/SelectableChoice\/2","LogicType":"Question","Operator":"Selected","QuestionID":"QID4","QuestionIDFromLocator":"QID4","QuestionIsInLoop":"no","Type":"Expression"},"Type":"If"},"Type":"BooleanExpression","inPage":false}}},{"SurveyID":"SV_2mCbJNRRc4KIOvH","Element":"SQ","PrimaryAttribute":"QID6","SecondaryAttribute":"Would you call yourself a strong Republican or not a very strong Republican?","TertiaryAttribute":null,"Payload":{"QuestionText":"Would you call yourself a strong Republican or not a very strong Republican?","DataExportTag":"Q10","QuestionType":"MC","Selector":"SAVR","SubSelector":"TX","DataVisibility":{"Private":false,"Hidden":false},"Configuration":{"QuestionDescriptionOption":"UseText"},"QuestionDescription":"Would you call yourself a strong Republican or not a very strong Republican?","Choices":{"1":{"Display":"Strong Republican"},"2":{"Display":"Not very strong Republican"}},"ChoiceOrder":[1,2],"Validation":{"Settings":{"ForceResponse":"RequestResponse","ForceResponseType":"RequestResponse","Type":"None"}},"Language":[],"NextChoiceId":3,"NextAnswerId":1,"QuestionID":"QID6","DisplayLogic":{"0":{"0":{"ChoiceLocator":"q:\/\/QID4\/SelectableChoice\/1","Description":"<span class=\"ConjDesc\">If<\/span> <span class=\"QuestionDesc\">Generally speaking, do you usually think of yourself as a Republican, a Democrat, an Independent, or something else?<\/span> <span class=\"LeftOpDesc\">Republican<\/span> <span class=\"OpDesc\">Is Selected<\/span> ","LeftOperand":"q:\/\/QID4\/SelectableChoice\/1","LogicType":"Question","Operator":"Selected","QuestionID":"QID4","QuestionIDFromLocator":"QID4","QuestionIsInLoop":"no","Type":"Expression"},"Type":"If"},"Type":"BooleanExpression","inPage":false}}}]}